
Microsoft Visual Studio Solution File, Format Version 12.00
# Visual Studio 2013
VisualStudioVersion = 12.0.31101.0
MinimumVisualStudioVersion = 10.0.40219.1
Project("{FAE04EC0-301F-11D3-BF4B-00C04F79EFBC}") = "Dropship", "Dropship\Dropship.csproj", "{946E87C2-0376-4212-8206-26ED64475F63}"
EndProject
Project("{FAE04EC0-301F-11D3-BF4B-00C04F79EFBC}") = "DropshipBusiness", "DropshipBusiness\DropshipBusiness.csproj", "{F6890E95-C409-41CE-9CBD-B2E3240998BE}"
EndProject
Project("{FAE04EC0-301F-11D3-BF4B-00C04F79EFBC}") = "DropshipCommon", "DropshipCommon\DropshipCommon.csproj", "{7BA88F7E-F909-4773-9A5E-5B0B90E8B75D}"
EndProject
Project("{FAE04EC0-301F-11D3-BF4B-00C04F79EFBC}") = "DropshipData", "DropshipData\DropshipData.csproj", "{4CA69926-F717-4D6E-9BA6-0957EB134146}"
EndProject
Project("{FAE04EC0-301F-11D3-BF4B-00C04F79EFBC}") = "DropshipFramework", "DropshipFramework\DropshipFramework.csproj", "{1B65B50A-CF1A-4140-887C-04238C56F477}"
EndProject
Global
	GlobalSection(SolutionConfigurationPlatforms) = preSolution
		Debug|Any CPU = Debug|Any CPU
		Release|Any CPU = Release|Any CPU
	EndGlobalSection
	GlobalSection(ProjectConfigurationPlatforms) = postSolution
		{946E87C2-0376-4212-8206-26ED64475F63}.Debug|Any CPU.ActiveCfg = Debug|Any CPU
		{946E87C2-0376-4212-8206-26ED64475F63}.Debug|Any CPU.Build.0 = Debug|Any CPU
		{946E87C2-0376-4212-8206-26ED64475F63}.Release|Any CPU.ActiveCfg = Release|Any CPU
		{946E87C2-0376-4212-8206-26ED64475F63}.Release|Any CPU.Build.0 = Release|Any CPU
		{F6890E95-C409-41CE-9CBD-B2E3240998BE}.Debug|Any CPU.ActiveCfg = Debug|Any CPU
		{F6890E95-C409-41CE-9CBD-B2E3240998BE}.Debug|Any CPU.Build.0 = Debug|Any CPU
		{F6890E95-C409-41CE-9CBD-B2E3240998BE}.Release|Any CPU.ActiveCfg = Release|Any CPU
		{F6890E95-C409-41CE-9CBD-B2E3240998BE}.Release|Any CPU.Build.0 = Release|Any CPU
		{7BA88F7E-F909-4773-9A5E-5B0B90E8B75D}.Debug|Any CPU.ActiveCfg = Debug|Any CPU
		{7BA88F7E-F909-4773-9A5E-5B0B90E8B75D}.Debug|Any CPU.Build.0 = Debug|Any CPU
		{7BA88F7E-F909-4773-9A5E-5B0B90E8B75D}.Release|Any CPU.ActiveCfg = Release|Any CPU
		{7BA88F7E-F909-4773-9A5E-5B0B90E8B75D}.Release|Any CPU.Build.0 = Release|Any CPU
		{4CA69926-F717-4D6E-9BA6-0957EB134146}.Debug|Any CPU.ActiveCfg = Debug|Any CPU
		{4CA69926-F717-4D6E-9BA6-0957EB134146}.Debug|Any CPU.Build.0 = Debug|Any CPU
		{4CA69926-F717-4D6E-9BA6-0957EB134146}.Release|Any CPU.ActiveCfg = Release|Any CPU
		{4CA69926-F717-4D6E-9BA6-0957EB134146}.Release|Any CPU.Build.0 = Release|Any CPU
		{1B65B50A-CF1A-4140-887C-04238C56F477}.Debug|Any CPU.ActiveCfg = Debug|Any CPU
		{1B65B50A-CF1A-4140-887C-04238C56F477}.Debug|Any CPU.Build.0 = Debug|Any CPU
		{1B65B50A-CF1A-4140-887C-04238C56F477}.Release|Any CPU.ActiveCfg = Release|Any CPU
		{1B65B50A-CF1A-4140-887C-04238C56F477}.Release|Any CPU.Build.0 = Release|Any CPU
	EndGlobalSection
	GlobalSection(SolutionProperties) = preSolution
		HideSolutionNode = FALSE
	EndGlobalSection
EndGlobal
